
Microsoft Visual Studio Solution File, Format Version 12.00
# Visual Studio Version 17
VisualStudioVersion = 17.14.36518.9
MinimumVisualStudioVersion = 10.0.40219.1
Project("{FAE04EC0-301F-11D3-BF4B-00C04F79EFBC}") = "RetailMonolith", "RetailMonolith.csproj", "{003FDCFA-9AE2-EC08-EA3B-0EB1B3EC29E4}"
EndProject
Global
	GlobalSection(SolutionConfigurationPlatforms) = preSolution
		Debug|Any CPU = Debug|Any CPU
		Release|Any CPU = Release|Any CPU
	EndGlobalSection
	GlobalSection(ProjectConfigurationPlatforms) = postSolution
		{003FDCFA-9AE2-EC08-EA3B-0EB1B3EC29E4}.Debug|Any CPU.ActiveCfg = Debug|Any CPU
		{003FDCFA-9AE2-EC08-EA3B-0EB1B3EC29E4}.Debug|Any CPU.Build.0 = Debug|Any CPU
		{003FDCFA-9AE2-EC08-EA3B-0EB1B3EC29E4}.Release|Any CPU.ActiveCfg = Release|Any CPU
		{003FDCFA-9AE2-EC08-EA3B-0EB1B3EC29E4}.Release|Any CPU.Build.0 = Release|Any CPU
	EndGlobalSection
	GlobalSection(SolutionProperties) = preSolution
		HideSolutionNode = FALSE
	EndGlobalSection
	GlobalSection(ExtensibilityGlobals) = postSolution
		SolutionGuid = {5ACF889E-DD55-4EF8-A60C-C59E5B63B8E6}
	EndGlobalSection
EndGlobal
